
Microsoft Visual Studio Solution File, Format Version 12.00
# Visual Studio 2012
Project("{FAE04EC0-301F-11D3-BF4B-00C04F79EFBC}") = "Kuerzer", "Kuerzer\Kuerzer.csproj", "{AA2F09AD-197E-4A07-AD85-CF7C568983E1}"
EndProject
Project("{FAE04EC0-301F-11D3-BF4B-00C04F79EFBC}") = "Kuerzer.Tests", "Kuerzer.Tests\Kuerzer.Tests.csproj", "{B2A3B278-60E1-4C84-BCD0-2A7656E95B5C}"
EndProject
Project("{FAE04EC0-301F-11D3-BF4B-00C04F79EFBC}") = "KuerzerModels", "KuerzerModels\KuerzerModels.csproj", "{33F76F28-F19E-4F75-BB3D-0A8FCB64EB43}"
EndProject
Project("{FAE04EC0-301F-11D3-BF4B-00C04F79EFBC}") = "KuerzerRepositories", "KuerzerRepositories\KuerzerRepositories.csproj", "{67011EE1-8232-4E37-8575-3FCE46BA103A}"
EndProject
Project("{FAE04EC0-301F-11D3-BF4B-00C04F79EFBC}") = "KuerzerApi", "KuerzerApi\KuerzerApi.csproj", "{8F056093-89E1-444A-BBED-B7A94ECA4880}"
EndProject
Project("{FAE04EC0-301F-11D3-BF4B-00C04F79EFBC}") = "KuerzerCommon", "KuercerCommon\KuerzerCommon.csproj", "{E3CC07D2-ADFB-4544-B8BA-76895089474C}"
EndProject
Global
	GlobalSection(SolutionConfigurationPlatforms) = preSolution
		Debug|Any CPU = Debug|Any CPU
		Release|Any CPU = Release|Any CPU
	EndGlobalSection
	GlobalSection(ProjectConfigurationPlatforms) = postSolution
		{AA2F09AD-197E-4A07-AD85-CF7C568983E1}.Debug|Any CPU.ActiveCfg = Debug|Any CPU
		{AA2F09AD-197E-4A07-AD85-CF7C568983E1}.Debug|Any CPU.Build.0 = Debug|Any CPU
		{AA2F09AD-197E-4A07-AD85-CF7C568983E1}.Release|Any CPU.ActiveCfg = Release|Any CPU
		{AA2F09AD-197E-4A07-AD85-CF7C568983E1}.Release|Any CPU.Build.0 = Release|Any CPU
		{B2A3B278-60E1-4C84-BCD0-2A7656E95B5C}.Debug|Any CPU.ActiveCfg = Debug|Any CPU
		{B2A3B278-60E1-4C84-BCD0-2A7656E95B5C}.Debug|Any CPU.Build.0 = Debug|Any CPU
		{B2A3B278-60E1-4C84-BCD0-2A7656E95B5C}.Release|Any CPU.ActiveCfg = Release|Any CPU
		{B2A3B278-60E1-4C84-BCD0-2A7656E95B5C}.Release|Any CPU.Build.0 = Release|Any CPU
		{33F76F28-F19E-4F75-BB3D-0A8FCB64EB43}.Debug|Any CPU.ActiveCfg = Debug|Any CPU
		{33F76F28-F19E-4F75-BB3D-0A8FCB64EB43}.Debug|Any CPU.Build.0 = Debug|Any CPU
		{33F76F28-F19E-4F75-BB3D-0A8FCB64EB43}.Release|Any CPU.ActiveCfg = Release|Any CPU
		{33F76F28-F19E-4F75-BB3D-0A8FCB64EB43}.Release|Any CPU.Build.0 = Release|Any CPU
		{67011EE1-8232-4E37-8575-3FCE46BA103A}.Debug|Any CPU.ActiveCfg = Debug|Any CPU
		{67011EE1-8232-4E37-8575-3FCE46BA103A}.Debug|Any CPU.Build.0 = Debug|Any CPU
		{67011EE1-8232-4E37-8575-3FCE46BA103A}.Release|Any CPU.ActiveCfg = Release|Any CPU
		{67011EE1-8232-4E37-8575-3FCE46BA103A}.Release|Any CPU.Build.0 = Release|Any CPU
		{8F056093-89E1-444A-BBED-B7A94ECA4880}.Debug|Any CPU.ActiveCfg = Debug|Any CPU
		{8F056093-89E1-444A-BBED-B7A94ECA4880}.Debug|Any CPU.Build.0 = Debug|Any CPU
		{8F056093-89E1-444A-BBED-B7A94ECA4880}.Release|Any CPU.ActiveCfg = Release|Any CPU
		{8F056093-89E1-444A-BBED-B7A94ECA4880}.Release|Any CPU.Build.0 = Release|Any CPU
		{E3CC07D2-ADFB-4544-B8BA-76895089474C}.Debug|Any CPU.ActiveCfg = Debug|Any CPU
		{E3CC07D2-ADFB-4544-B8BA-76895089474C}.Debug|Any CPU.Build.0 = Debug|Any CPU
		{E3CC07D2-ADFB-4544-B8BA-76895089474C}.Release|Any CPU.ActiveCfg = Release|Any CPU
		{E3CC07D2-ADFB-4544-B8BA-76895089474C}.Release|Any CPU.Build.0 = Release|Any CPU
	EndGlobalSection
	GlobalSection(SolutionProperties) = preSolution
		HideSolutionNode = FALSE
	EndGlobalSection
EndGlobal
